
Microsoft Visual Studio Solution File, Format Version 12.00
# Visual Studio 15
VisualStudioVersion = 15.0.28010.2003
MinimumVisualStudioVersion = 10.0.40219.1
Project("{FAE04EC0-301F-11D3-BF4B-00C04F79EFBC}") = "LayterControl", "LayterControl\LayterControl.csproj", "{67230F2D-7B0C-4307-8ADE-586F663C0AD1}"
EndProject
Global
	GlobalSection(SolutionConfigurationPlatforms) = preSolution
		Debug|Any CPU = Debug|Any CPU
		Release|Any CPU = Release|Any CPU
	EndGlobalSection
	GlobalSection(ProjectConfigurationPlatforms) = postSolution
		{67230F2D-7B0C-4307-8ADE-586F663C0AD1}.Debug|Any CPU.ActiveCfg = Debug|Any CPU
		{67230F2D-7B0C-4307-8ADE-586F663C0AD1}.Debug|Any CPU.Build.0 = Debug|Any CPU
		{67230F2D-7B0C-4307-8ADE-586F663C0AD1}.Release|Any CPU.ActiveCfg = Release|Any CPU
		{67230F2D-7B0C-4307-8ADE-586F663C0AD1}.Release|Any CPU.Build.0 = Release|Any CPU
	EndGlobalSection
	GlobalSection(SolutionProperties) = preSolution
		HideSolutionNode = FALSE
	EndGlobalSection
	GlobalSection(ExtensibilityGlobals) = postSolution
		SolutionGuid = {8CD39922-167F-45B1-8A8A-4B7C304C2F8D}
	EndGlobalSection
EndGlobal
